
Microsoft Visual Studio Solution File, Format Version 12.00
# Visual Studio Version 16
VisualStudioVersion = 16.0.29920.165
MinimumVisualStudioVersion = 10.0.40219.1
Project("{9A19103F-16F7-4668-BE54-9A1E7A4F7556}") = "BookListRazor", "BookListRazor\BookListRazor.csproj", "{8887222E-3A25-4F21-BF02-509BAD283E32}"
EndProject
Project("{FAE04EC0-301F-11D3-BF4B-00C04F79EFBC}") = "BookListMVC", "BookListMVC\BookListMVC.csproj", "{005043FA-E72F-4FDB-8FA9-2825112885A6}"
EndProject
Global
	GlobalSection(SolutionConfigurationPlatforms) = preSolution
		Debug|Any CPU = Debug|Any CPU
		Release|Any CPU = Release|Any CPU
	EndGlobalSection
	GlobalSection(ProjectConfigurationPlatforms) = postSolution
		{8887222E-3A25-4F21-BF02-509BAD283E32}.Debug|Any CPU.ActiveCfg = Debug|Any CPU
		{8887222E-3A25-4F21-BF02-509BAD283E32}.Debug|Any CPU.Build.0 = Debug|Any CPU
		{8887222E-3A25-4F21-BF02-509BAD283E32}.Release|Any CPU.ActiveCfg = Release|Any CPU
		{8887222E-3A25-4F21-BF02-509BAD283E32}.Release|Any CPU.Build.0 = Release|Any CPU
		{005043FA-E72F-4FDB-8FA9-2825112885A6}.Debug|Any CPU.ActiveCfg = Debug|Any CPU
		{005043FA-E72F-4FDB-8FA9-2825112885A6}.Debug|Any CPU.Build.0 = Debug|Any CPU
		{005043FA-E72F-4FDB-8FA9-2825112885A6}.Release|Any CPU.ActiveCfg = Release|Any CPU
		{005043FA-E72F-4FDB-8FA9-2825112885A6}.Release|Any CPU.Build.0 = Release|Any CPU
	EndGlobalSection
	GlobalSection(SolutionProperties) = preSolution
		HideSolutionNode = FALSE
	EndGlobalSection
	GlobalSection(ExtensibilityGlobals) = postSolution
		SolutionGuid = {746F0DC5-33FF-4BE9-BDF1-D4A037109007}
	EndGlobalSection
EndGlobal
